
Microsoft Visual Studio Solution File, Format Version 12.00
Project("{2150E333-8FDC-42A3-9474-1A3956D46DE8}") = "src", "src", "{D646DFD9-061A-4EA1-B798-94EFAAD236A2}"
EndProject
Project("{FAE04EC0-301F-11D3-BF4B-00C04F79EFBC}") = "TaskFlow.Domain.Shared", "src\TaskFlow.Domain.Shared\TaskFlow.Domain.Shared.csproj", "{AF3E2F18-5615-40EA-893B-3EA08263A1EC}"
EndProject
Project("{FAE04EC0-301F-11D3-BF4B-00C04F79EFBC}") = "TaskFlow.Domain", "src\TaskFlow.Domain\TaskFlow.Domain.csproj", "{7EF27E7A-4FF0-449C-9249-A6D290459E7C}"
EndProject
Project("{FAE04EC0-301F-11D3-BF4B-00C04F79EFBC}") = "TaskFlow.EntityFrameworkCore", "src\TaskFlow.EntityFrameworkCore\TaskFlow.EntityFrameworkCore.csproj", "{5AB22B92-897B-4C47-9514-CD9F1BD1DDB1}"
EndProject
Project("{FAE04EC0-301F-11D3-BF4B-00C04F79EFBC}") = "TaskFlow.Application.Contracts", "src\TaskFlow.Application.Contracts\TaskFlow.Application.Contracts.csproj", "{26CFDEB0-2A50-45B2-B091-D2FE98E335E9}"
EndProject
Project("{FAE04EC0-301F-11D3-BF4B-00C04F79EFBC}") = "TaskFlow.Application", "src\TaskFlow.Application\TaskFlow.Application.csproj", "{1D01D482-F022-464C-99F4-3C96F9C51144}"
EndProject
Project("{FAE04EC0-301F-11D3-BF4B-00C04F79EFBC}") = "TaskFlow.HttpApi", "src\TaskFlow.HttpApi\TaskFlow.HttpApi.csproj", "{6D7CA1B8-B0BA-42C4-B74D-03AEDA06D561}"
EndProject
Project("{FAE04EC0-301F-11D3-BF4B-00C04F79EFBC}") = "TaskFlow.HttpApi.Client", "src\TaskFlow.HttpApi.Client\TaskFlow.HttpApi.Client.csproj", "{1BD1A53C-50FC-43CC-8FBE-A18405926628}"
EndProject
Project("{FAE04EC0-301F-11D3-BF4B-00C04F79EFBC}") = "TaskFlow.HttpApi.Host", "src\TaskFlow.HttpApi.Host\TaskFlow.HttpApi.Host.csproj", "{0ED780A7-E63C-4D22-9600-427ECD817945}"
EndProject
Project("{2150E333-8FDC-42A3-9474-1A3956D46DE8}") = "test", "test", "{175D4409-5D92-4192-86CA-B61D961774BD}"
EndProject
Project("{FAE04EC0-301F-11D3-BF4B-00C04F79EFBC}") = "TaskFlow.IntegrationTests.Base", "test\TaskFlow.IntegrationTests.Base\TaskFlow.IntegrationTests.Base.csproj", "{53FB7013-1A91-49DC-A1AE-F6A96AA28486}"
EndProject
Project("{FAE04EC0-301F-11D3-BF4B-00C04F79EFBC}") = "TaskFlow.IntegrationTests.HttpApi.Host", "test\TaskFlow.IntegrationTests.HttpApi.Host\TaskFlow.IntegrationTests.HttpApi.Host.csproj", "{6F546EF7-3AA2-47F0-A1B5-C34B0BDCB776}"
EndProject
Global
	GlobalSection(SolutionConfigurationPlatforms) = preSolution
		Debug|Any CPU = Debug|Any CPU
		Release|Any CPU = Release|Any CPU
	EndGlobalSection
	GlobalSection(NestedProjects) = preSolution
		{AF3E2F18-5615-40EA-893B-3EA08263A1EC} = {D646DFD9-061A-4EA1-B798-94EFAAD236A2}
		{7EF27E7A-4FF0-449C-9249-A6D290459E7C} = {D646DFD9-061A-4EA1-B798-94EFAAD236A2}
		{5AB22B92-897B-4C47-9514-CD9F1BD1DDB1} = {D646DFD9-061A-4EA1-B798-94EFAAD236A2}
		{26CFDEB0-2A50-45B2-B091-D2FE98E335E9} = {D646DFD9-061A-4EA1-B798-94EFAAD236A2}
		{1D01D482-F022-464C-99F4-3C96F9C51144} = {D646DFD9-061A-4EA1-B798-94EFAAD236A2}
		{6D7CA1B8-B0BA-42C4-B74D-03AEDA06D561} = {D646DFD9-061A-4EA1-B798-94EFAAD236A2}
		{1BD1A53C-50FC-43CC-8FBE-A18405926628} = {D646DFD9-061A-4EA1-B798-94EFAAD236A2}
		{0ED780A7-E63C-4D22-9600-427ECD817945} = {D646DFD9-061A-4EA1-B798-94EFAAD236A2}
		{53FB7013-1A91-49DC-A1AE-F6A96AA28486} = {175D4409-5D92-4192-86CA-B61D961774BD}
		{6F546EF7-3AA2-47F0-A1B5-C34B0BDCB776} = {175D4409-5D92-4192-86CA-B61D961774BD}
	EndGlobalSection
	GlobalSection(ProjectConfigurationPlatforms) = postSolution
		{AF3E2F18-5615-40EA-893B-3EA08263A1EC}.Debug|Any CPU.ActiveCfg = Debug|Any CPU
		{AF3E2F18-5615-40EA-893B-3EA08263A1EC}.Debug|Any CPU.Build.0 = Debug|Any CPU
		{AF3E2F18-5615-40EA-893B-3EA08263A1EC}.Release|Any CPU.ActiveCfg = Release|Any CPU
		{AF3E2F18-5615-40EA-893B-3EA08263A1EC}.Release|Any CPU.Build.0 = Release|Any CPU
		{7EF27E7A-4FF0-449C-9249-A6D290459E7C}.Debug|Any CPU.ActiveCfg = Debug|Any CPU
		{7EF27E7A-4FF0-449C-9249-A6D290459E7C}.Debug|Any CPU.Build.0 = Debug|Any CPU
		{7EF27E7A-4FF0-449C-9249-A6D290459E7C}.Release|Any CPU.ActiveCfg = Release|Any CPU
		{7EF27E7A-4FF0-449C-9249-A6D290459E7C}.Release|Any CPU.Build.0 = Release|Any CPU
		{5AB22B92-897B-4C47-9514-CD9F1BD1DDB1}.Debug|Any CPU.ActiveCfg = Debug|Any CPU
		{5AB22B92-897B-4C47-9514-CD9F1BD1DDB1}.Debug|Any CPU.Build.0 = Debug|Any CPU
		{5AB22B92-897B-4C47-9514-CD9F1BD1DDB1}.Release|Any CPU.ActiveCfg = Release|Any CPU
		{5AB22B92-897B-4C47-9514-CD9F1BD1DDB1}.Release|Any CPU.Build.0 = Release|Any CPU
		{26CFDEB0-2A50-45B2-B091-D2FE98E335E9}.Debug|Any CPU.ActiveCfg = Debug|Any CPU
		{26CFDEB0-2A50-45B2-B091-D2FE98E335E9}.Debug|Any CPU.Build.0 = Debug|Any CPU
		{26CFDEB0-2A50-45B2-B091-D2FE98E335E9}.Release|Any CPU.ActiveCfg = Release|Any CPU
		{26CFDEB0-2A50-45B2-B091-D2FE98E335E9}.Release|Any CPU.Build.0 = Release|Any CPU
		{1D01D482-F022-464C-99F4-3C96F9C51144}.Debug|Any CPU.ActiveCfg = Debug|Any CPU
		{1D01D482-F022-464C-99F4-3C96F9C51144}.Debug|Any CPU.Build.0 = Debug|Any CPU
		{1D01D482-F022-464C-99F4-3C96F9C51144}.Release|Any CPU.ActiveCfg = Release|Any CPU
		{1D01D482-F022-464C-99F4-3C96F9C51144}.Release|Any CPU.Build.0 = Release|Any CPU
		{6D7CA1B8-B0BA-42C4-B74D-03AEDA06D561}.Debug|Any CPU.ActiveCfg = Debug|Any CPU
		{6D7CA1B8-B0BA-42C4-B74D-03AEDA06D561}.Debug|Any CPU.Build.0 = Debug|Any CPU
		{6D7CA1B8-B0BA-42C4-B74D-03AEDA06D561}.Release|Any CPU.ActiveCfg = Release|Any CPU
		{6D7CA1B8-B0BA-42C4-B74D-03AEDA06D561}.Release|Any CPU.Build.0 = Release|Any CPU
		{1BD1A53C-50FC-43CC-8FBE-A18405926628}.Debug|Any CPU.ActiveCfg = Debug|Any CPU
		{1BD1A53C-50FC-43CC-8FBE-A18405926628}.Debug|Any CPU.Build.0 = Debug|Any CPU
		{1BD1A53C-50FC-43CC-8FBE-A18405926628}.Release|Any CPU.ActiveCfg = Release|Any CPU
		{1BD1A53C-50FC-43CC-8FBE-A18405926628}.Release|Any CPU.Build.0 = Release|Any CPU
		{0ED780A7-E63C-4D22-9600-427ECD817945}.Debug|Any CPU.ActiveCfg = Debug|Any CPU
		{0ED780A7-E63C-4D22-9600-427ECD817945}.Debug|Any CPU.Build.0 = Debug|Any CPU
		{0ED780A7-E63C-4D22-9600-427ECD817945}.Release|Any CPU.ActiveCfg = Release|Any CPU
		{0ED780A7-E63C-4D22-9600-427ECD817945}.Release|Any CPU.Build.0 = Release|Any CPU
		{53FB7013-1A91-49DC-A1AE-F6A96AA28486}.Debug|Any CPU.ActiveCfg = Debug|Any CPU
		{53FB7013-1A91-49DC-A1AE-F6A96AA28486}.Debug|Any CPU.Build.0 = Debug|Any CPU
		{53FB7013-1A91-49DC-A1AE-F6A96AA28486}.Release|Any CPU.ActiveCfg = Release|Any CPU
		{53FB7013-1A91-49DC-A1AE-F6A96AA28486}.Release|Any CPU.Build.0 = Release|Any CPU
		{6F546EF7-3AA2-47F0-A1B5-C34B0BDCB776}.Debug|Any CPU.ActiveCfg = Debug|Any CPU
		{6F546EF7-3AA2-47F0-A1B5-C34B0BDCB776}.Debug|Any CPU.Build.0 = Debug|Any CPU
		{6F546EF7-3AA2-47F0-A1B5-C34B0BDCB776}.Release|Any CPU.ActiveCfg = Release|Any CPU
		{6F546EF7-3AA2-47F0-A1B5-C34B0BDCB776}.Release|Any CPU.Build.0 = Release|Any CPU
	EndGlobalSection
EndGlobal
